
Microsoft Visual Studio Solution File, Format Version 12.00
# Visual Studio Version 17
VisualStudioVersion = 17.3.32811.315
MinimumVisualStudioVersion = 10.0.40219.1
Project("{FAE04EC0-301F-11D3-BF4B-00C04F79EFBC}") = "WebShop", "WebShop\WebShop.csproj", "{56F6E1E4-FED4-4492-BCC7-67CBD5AC3134}"
EndProject
Global
	GlobalSection(SolutionConfigurationPlatforms) = preSolution
		Debug|Any CPU = Debug|Any CPU
		Release|Any CPU = Release|Any CPU
	EndGlobalSection
	GlobalSection(ProjectConfigurationPlatforms) = postSolution
		{56F6E1E4-FED4-4492-BCC7-67CBD5AC3134}.Debug|Any CPU.ActiveCfg = Debug|Any CPU
		{56F6E1E4-FED4-4492-BCC7-67CBD5AC3134}.Debug|Any CPU.Build.0 = Debug|Any CPU
		{56F6E1E4-FED4-4492-BCC7-67CBD5AC3134}.Release|Any CPU.ActiveCfg = Release|Any CPU
		{56F6E1E4-FED4-4492-BCC7-67CBD5AC3134}.Release|Any CPU.Build.0 = Release|Any CPU
	EndGlobalSection
	GlobalSection(SolutionProperties) = preSolution
		HideSolutionNode = FALSE
	EndGlobalSection
	GlobalSection(ExtensibilityGlobals) = postSolution
		SolutionGuid = {0E2BF772-20E9-463D-898B-93B7A367DEC6}
	EndGlobalSection
EndGlobal
